
Microsoft Visual Studio Solution File, Format Version 12.00
# Visual Studio Version 17
VisualStudioVersion = 17.11.35312.102
MinimumVisualStudioVersion = 10.0.40219.1
Project("{FAE04EC0-301F-11D3-BF4B-00C04F79EFBC}") = "MCSMultiCheats", "MCSMultiCheats.csproj", "{A26B8EB5-8BEA-43A2-80BC-7A8735EE00E4}"
EndProject
Global
	GlobalSection(SolutionConfigurationPlatforms) = preSolution
		Debug|x64 = Debug|x64
	EndGlobalSection
	GlobalSection(ProjectConfigurationPlatforms) = postSolution
		{A26B8EB5-8BEA-43A2-80BC-7A8735EE00E4}.Debug|x64.ActiveCfg = Debug|x64
		{A26B8EB5-8BEA-43A2-80BC-7A8735EE00E4}.Debug|x64.Build.0 = Debug|x64
	EndGlobalSection
	GlobalSection(SolutionProperties) = preSolution
		HideSolutionNode = FALSE
	EndGlobalSection
	GlobalSection(ExtensibilityGlobals) = postSolution
		SolutionGuid = {741D7796-2DBA-4B37-BD09-EA0CA166CB93}
	EndGlobalSection
EndGlobal
